// !$*UTF8*$!
{
	archiveVersion = 1;
	classes = {
	};
	objectVersion = 56;
	objects = {

/* Begin PBXBuildFile section */
		A5175E732B9A131800CC23A5 /* LandmarkList.swift in Sources */ = {isa = PBXBuildFile; fileRef = A5175E722B9A131800CC23A5 /* LandmarkList.swift */; };
		A5175E752B9A16FA00CC23A5 /* LandmarkDetail.swift in Sources */ = {isa = PBXBuildFile; fileRef = A5175E742B9A16FA00CC23A5 /* LandmarkDetail.swift */; };
		A52BA9E72B9B692C00C1116C /* FavoriteButton.swift in Sources */ = {isa = PBXBuildFile; fileRef = A52BA9E62B9B692C00C1116C /* FavoriteButton.swift */; };
		A5AFCE1D2B9625AF00D48569 /* LandmarksApp.swift in Sources */ = {isa = PBXBuildFile; fileRef = A5AFCE1C2B9625AF00D48569 /* LandmarksApp.swift */; };
		A5AFCE1F2B9625AF00D48569 /* ContentView.swift in Sources */ = {isa = PBXBuildFile; fileRef = A5AFCE1E2B9625AF00D48569 /* ContentView.swift */; };
		A5AFCE212B9625B000D48569 /* Assets.xcassets in Resources */ = {isa = PBXBuildFile; fileRef = A5AFCE202B9625B000D48569 /* Assets.xcassets */; };
		A5AFCE242B9625B000D48569 /* Preview Assets.xcassets in Resources */ = {isa = PBXBuildFile; fileRef = A5AFCE232B9625B000D48569 /* Preview Assets.xcassets */; };
		A5AFCE2B2B96292900D48569 /* CircleImage.swift in Sources */ = {isa = PBXBuildFile; fileRef = A5AFCE2A2B96292900D48569 /* CircleImage.swift */; };
		A5AFCE2D2B962A9900D48569 /* MapView.swift in Sources */ = {isa = PBXBuildFile; fileRef = A5AFCE2C2B962A9900D48569 /* MapView.swift */; };
		A5E07B602B98C62900213E9E /* landmarkData.json in Resources */ = {isa = PBXBuildFile; fileRef = A5E07B5F2B98C62900213E9E /* landmarkData.json */; };
		A5E07B622B98C66100213E9E /* Landmark.swift in Sources */ = {isa = PBXBuildFile; fileRef = A5E07B612B98C66100213E9E /* Landmark.swift */; };
		A5E07B642B98CE1800213E9E /* SwiftUIView.swift in Sources */ = {isa = PBXBuildFile; fileRef = A5E07B632B98CE1800213E9E /* SwiftUIView.swift */; };
		A5E07B6A2B98CFD400213E9E /* ModelData.swift in Sources */ = {isa = PBXBuildFile; fileRef = A5E07B692B98CFD400213E9E /* ModelData.swift */; };
		A5E07B6D2B98D06B00213E9E /* LandmarkRow.swift in Sources */ = {isa = PBXBuildFile; fileRef = A5E07B6C2B98D06B00213E9E /* LandmarkRow.swift */; };
		A5E38B302B9DE75F0027A395 /* HexagonParameters.swift in Sources */ = {isa = PBXBuildFile; fileRef = A5E38B2F2B9DE75F0027A395 /* HexagonParameters.swift */; };
		A5E38B322B9DE8D40027A395 /* BadgeBackground.swift in Sources */ = {isa = PBXBuildFile; fileRef = A5E38B312B9DE8D40027A395 /* BadgeBackground.swift */; };
		A5E38B342B9DECD40027A395 /* BadgeSymbol.swift in Sources */ = {isa = PBXBuildFile; fileRef = A5E38B332B9DECD40027A395 /* BadgeSymbol.swift */; };
		A5E38B362B9DED370027A395 /* RotatedBadgeSymbol.swift in Sources */ = {isa = PBXBuildFile; fileRef = A5E38B352B9DED370027A395 /* RotatedBadgeSymbol.swift */; };
		A5E38B382B9DED780027A395 /* Badge.swift in Sources */ = {isa = PBXBuildFile; fileRef = A5E38B372B9DED780027A395 /* Badge.swift */; };
		A5E38B3B2B9DF0910027A395 /* hikeData.json in Resources */ = {isa = PBXBuildFile; fileRef = A5E38B3A2B9DF0910027A395 /* hikeData.json */; };
		A5E38B3D2B9DF0C20027A395 /* Hike.swift in Sources */ = {isa = PBXBuildFile; fileRef = A5E38B3C2B9DF0C20027A395 /* Hike.swift */; };
		A5E38B432B9DF2BD0027A395 /* GraphCapsule.swift in Sources */ = {isa = PBXBuildFile; fileRef = A5E38B3F2B9DF2BD0027A395 /* GraphCapsule.swift */; };
		A5E38B442B9DF2BD0027A395 /* HikeGraph.swift in Sources */ = {isa = PBXBuildFile; fileRef = A5E38B402B9DF2BD0027A395 /* HikeGraph.swift */; };
		A5E38B452B9DF2BD0027A395 /* HikeDetail.swift in Sources */ = {isa = PBXBuildFile; fileRef = A5E38B412B9DF2BD0027A395 /* HikeDetail.swift */; };
		A5E38B462B9DF2BD0027A395 /* HikeView.swift in Sources */ = {isa = PBXBuildFile; fileRef = A5E38B422B9DF2BD0027A395 /* HikeView.swift */; };
		A5E38B492B9DF8720027A395 /* CategoryHome.swift in Sources */ = {isa = PBXBuildFile; fileRef = A5E38B482B9DF8720027A395 /* CategoryHome.swift */; };
		A5E38B4B2B9DF9380027A395 /* CategoryRow.swift in Sources */ = {isa = PBXBuildFile; fileRef = A5E38B4A2B9DF9380027A395 /* CategoryRow.swift */; };
		A5E38B4D2B9DFA050027A395 /* CategoryItem.swift in Sources */ = {isa = PBXBuildFile; fileRef = A5E38B4C2B9DFA050027A395 /* CategoryItem.swift */; };
		A5E38B4F2B9DFCEA0027A395 /* Profile.swift in Sources */ = {isa = PBXBuildFile; fileRef = A5E38B4E2B9DFCEA0027A395 /* Profile.swift */; };
		A5E38B512B9DFD3B0027A395 /* ProfileHost.swift in Sources */ = {isa = PBXBuildFile; fileRef = A5E38B502B9DFD3B0027A395 /* ProfileHost.swift */; };
		A5E38B532B9DFD900027A395 /* ProfileSummary.swift in Sources */ = {isa = PBXBuildFile; fileRef = A5E38B522B9DFD900027A395 /* ProfileSummary.swift */; };
		A5E38B552B9DFE640027A395 /* HikeBadge.swift in Sources */ = {isa = PBXBuildFile; fileRef = A5E38B542B9DFE640027A395 /* HikeBadge.swift */; };
		A5E38B572B9E011F0027A395 /* ProfileEditor.swift in Sources */ = {isa = PBXBuildFile; fileRef = A5E38B562B9E011F0027A395 /* ProfileEditor.swift */; };
		A5E38B592B9E034D0027A395 /* PageViewController.swift in Sources */ = {isa = PBXBuildFile; fileRef = A5E38B582B9E034D0027A395 /* PageViewController.swift */; };
		A5E38B5C2B9E04B80027A395 /* FeatureCard.swift in Sources */ = {isa = PBXBuildFile; fileRef = A5E38B5B2B9E04B80027A395 /* FeatureCard.swift */; };
		A5E38B5E2B9E06900027A395 /* PageView.swift in Sources */ = {isa = PBXBuildFile; fileRef = A5E38B5D2B9E06900027A395 /* PageView.swift */; };
		A5E38B602B9E08A90027A395 /* PageControl.swift in Sources */ = {isa = PBXBuildFile; fileRef = A5E38B5F2B9E08A90027A395 /* PageControl.swift */; };
		A5E38B6A2B9E0CD60027A395 /* ContentView.swift in Sources */ = {isa = PBXBuildFile; fileRef = A5E38B692B9E0CD60027A395 /* ContentView.swift */; };
		A5E38B6C2B9E0CD70027A395 /* Assets.xcassets in Resources */ = {isa = PBXBuildFile; fileRef = A5E38B6B2B9E0CD70027A395 /* Assets.xcassets */; };
		A5E38B6F2B9E0CD70027A395 /* Preview Assets.xcassets in Resources */ = {isa = PBXBuildFile; fileRef = A5E38B6E2B9E0CD70027A395 /* Preview Assets.xcassets */; };
/* End PBXBuildFile section */

/* Begin PBXFileReference section */
		A5175E722B9A131800CC23A5 /* LandmarkList.swift */ = {isa = PBXFileReference; lastKnownFileType = sourcecode.swift; path = LandmarkList.swift; sourceTree = "<group>"; };
		A5175E742B9A16FA00CC23A5 /* LandmarkDetail.swift */ = {isa = PBXFileReference; lastKnownFileType = sourcecode.swift; path = LandmarkDetail.swift; sourceTree = "<group>"; };
		A52BA9E62B9B692C00C1116C /* FavoriteButton.swift */ = {isa = PBXFileReference; lastKnownFileType = sourcecode.swift; path = FavoriteButton.swift; sourceTree = "<group>"; };
		A5AFCE192B9625AF00D48569 /* Landmarks.app */ = {isa = PBXFileReference; explicitFileType = wrapper.application; includeInIndex = 0; path = Landmarks.app; sourceTree = BUILT_PRODUCTS_DIR; };
		A5AFCE1C2B9625AF00D48569 /* LandmarksApp.swift */ = {isa = PBXFileReference; lastKnownFileType = sourcecode.swift; path = LandmarksApp.swift; sourceTree = "<group>"; };
		A5AFCE1E2B9625AF00D48569 /* ContentView.swift */ = {isa = PBXFileReference; lastKnownFileType = sourcecode.swift; path = ContentView.swift; sourceTree = "<group>"; };
		A5AFCE202B9625B000D48569 /* Assets.xcassets */ = {isa = PBXFileReference; lastKnownFileType = folder.assetcatalog; path = Assets.xcassets; sourceTree = "<group>"; };
		A5AFCE232B9625B000D48569 /* Preview Assets.xcassets */ = {isa = PBXFileReference; lastKnownFileType = folder.assetcatalog; path = "Preview Assets.xcassets"; sourceTree = "<group>"; };
		A5AFCE2A2B96292900D48569 /* CircleImage.swift */ = {isa = PBXFileReference; lastKnownFileType = sourcecode.swift; path = CircleImage.swift; sourceTree = "<group>"; };
		A5AFCE2C2B962A9900D48569 /* MapView.swift */ = {isa = PBXFileReference; lastKnownFileType = sourcecode.swift; path = MapView.swift; sourceTree = "<group>"; };
		A5E07B5F2B98C62900213E9E /* landmarkData.json */ = {isa = PBXFileReference; fileEncoding = 4; lastKnownFileType = text.json; path = landmarkData.json; sourceTree = "<group>"; };
		A5E07B612B98C66100213E9E /* Landmark.swift */ = {isa = PBXFileReference; lastKnownFileType = sourcecode.swift; path = Landmark.swift; sourceTree = "<group>"; };
		A5E07B632B98CE1800213E9E /* SwiftUIView.swift */ = {isa = PBXFileReference; lastKnownFileType = sourcecode.swift; path = SwiftUIView.swift; sourceTree = "<group>"; };
		A5E07B692B98CFD400213E9E /* ModelData.swift */ = {isa = PBXFileReference; lastKnownFileType = sourcecode.swift; path = ModelData.swift; sourceTree = "<group>"; };
		A5E07B6C2B98D06B00213E9E /* LandmarkRow.swift */ = {isa = PBXFileReference; lastKnownFileType = sourcecode.swift; name = LandmarkRow.swift; path = Landmarks/Views/Landmarks/LandmarkRow.swift; sourceTree = SOURCE_ROOT; };
		A5E38B2F2B9DE75F0027A395 /* HexagonParameters.swift */ = {isa = PBXFileReference; lastKnownFileType = sourcecode.swift; name = HexagonParameters.swift; path = Landmarks/Badges/HexagonParameters.swift; sourceTree = SOURCE_ROOT; };
		A5E38B312B9DE8D40027A395 /* BadgeBackground.swift */ = {isa = PBXFileReference; lastKnownFileType = sourcecode.swift; path = BadgeBackground.swift; sourceTree = "<group>"; };
		A5E38B332B9DECD40027A395 /* BadgeSymbol.swift */ = {isa = PBXFileReference; lastKnownFileType = sourcecode.swift; path = BadgeSymbol.swift; sourceTree = "<group>"; };
		A5E38B352B9DED370027A395 /* RotatedBadgeSymbol.swift */ = {isa = PBXFileReference; lastKnownFileType = sourcecode.swift; path = RotatedBadgeSymbol.swift; sourceTree = "<group>"; };
		A5E38B372B9DED780027A395 /* Badge.swift */ = {isa = PBXFileReference; lastKnownFileType = sourcecode.swift; path = Badge.swift; sourceTree = "<group>"; };
		A5E38B3A2B9DF0910027A395 /* hikeData.json */ = {isa = PBXFileReference; fileEncoding = 4; lastKnownFileType = text.json; path = hikeData.json; sourceTree = "<group>"; };
		A5E38B3C2B9DF0C20027A395 /* Hike.swift */ = {isa = PBXFileReference; lastKnownFileType = sourcecode.swift; name = Hike.swift; path = Landmarks/Badges/Hike.swift; sourceTree = SOURCE_ROOT; };
		A5E38B3F2B9DF2BD0027A395 /* GraphCapsule.swift */ = {isa = PBXFileReference; fileEncoding = 4; lastKnownFileType = sourcecode.swift; path = GraphCapsule.swift; sourceTree = "<group>"; };
		A5E38B402B9DF2BD0027A395 /* HikeGraph.swift */ = {isa = PBXFileReference; fileEncoding = 4; lastKnownFileType = sourcecode.swift; path = HikeGraph.swift; sourceTree = "<group>"; };
		A5E38B412B9DF2BD0027A395 /* HikeDetail.swift */ = {isa = PBXFileReference; fileEncoding = 4; lastKnownFileType = sourcecode.swift; path = HikeDetail.swift; sourceTree = "<group>"; };
		A5E38B422B9DF2BD0027A395 /* HikeView.swift */ = {isa = PBXFileReference; fileEncoding = 4; lastKnownFileType = sourcecode.swift; path = HikeView.swift; sourceTree = "<group>"; };
		A5E38B482B9DF8720027A395 /* CategoryHome.swift */ = {isa = PBXFileReference; lastKnownFileType = sourcecode.swift; path = CategoryHome.swift; sourceTree = "<group>"; };
		A5E38B4A2B9DF9380027A395 /* CategoryRow.swift */ = {isa = PBXFileReference; lastKnownFileType = sourcecode.swift; path = CategoryRow.swift; sourceTree = "<group>"; };
		A5E38B4C2B9DFA050027A395 /* CategoryItem.swift */ = {isa = PBXFileReference; lastKnownFileType = sourcecode.swift; path = CategoryItem.swift; sourceTree = "<group>"; };
		A5E38B4E2B9DFCEA0027A395 /* Profile.swift */ = {isa = PBXFileReference; lastKnownFileType = sourcecode.swift; path = Profile.swift; sourceTree = "<group>"; };
		A5E38B502B9DFD3B0027A395 /* ProfileHost.swift */ = {isa = PBXFileReference; lastKnownFileType = sourcecode.swift; path = ProfileHost.swift; sourceTree = "<group>"; };
		A5E38B522B9DFD900027A395 /* ProfileSummary.swift */ = {isa = PBXFileReference; lastKnownFileType = sourcecode.swift; path = ProfileSummary.swift; sourceTree = "<group>"; };
		A5E38B542B9DFE640027A395 /* HikeBadge.swift */ = {isa = PBXFileReference; lastKnownFileType = sourcecode.swift; name = HikeBadge.swift; path = Landmarks/Views/HikeBadge.swift; sourceTree = SOURCE_ROOT; };
		A5E38B562B9E011F0027A395 /* ProfileEditor.swift */ = {isa = PBXFileReference; lastKnownFileType = sourcecode.swift; path = ProfileEditor.swift; sourceTree = "<group>"; };
		A5E38B582B9E034D0027A395 /* PageViewController.swift */ = {isa = PBXFileReference; lastKnownFileType = sourcecode.swift; path = PageViewController.swift; sourceTree = "<group>"; };
		A5E38B5B2B9E04B80027A395 /* FeatureCard.swift */ = {isa = PBXFileReference; lastKnownFileType = sourcecode.swift; name = FeatureCard.swift; path = Landmarks/Model/FeatureCard.swift; sourceTree = SOURCE_ROOT; };
		A5E38B5D2B9E06900027A395 /* PageView.swift */ = {isa = PBXFileReference; lastKnownFileType = sourcecode.swift; path = PageView.swift; sourceTree = "<group>"; };
		A5E38B5F2B9E08A90027A395 /* PageControl.swift */ = {isa = PBXFileReference; lastKnownFileType = sourcecode.swift; path = PageControl.swift; sourceTree = "<group>"; };
		A5E38B652B9E0CD60027A395 /* MacLandmarks.app */ = {isa = PBXFileReference; explicitFileType = wrapper.application; includeInIndex = 0; path = MacLandmarks.app; sourceTree = BUILT_PRODUCTS_DIR; };
		A5E38B692B9E0CD60027A395 /* ContentView.swift */ = {isa = PBXFileReference; lastKnownFileType = sourcecode.swift; path = ContentView.swift; sourceTree = "<group>"; };
		A5E38B6B2B9E0CD70027A395 /* Assets.xcassets */ = {isa = PBXFileReference; lastKnownFileType = folder.assetcatalog; path = Assets.xcassets; sourceTree = "<group>"; };
		A5E38B6E2B9E0CD70027A395 /* Preview Assets.xcassets */ = {isa = PBXFileReference; lastKnownFileType = folder.assetcatalog; path = "Preview Assets.xcassets"; sourceTree = "<group>"; };
		A5E38B702B9E0CD70027A395 /* MacLandmarks.entitlements */ = {isa = PBXFileReference; lastKnownFileType = text.plist.entitlements; path = MacLandmarks.entitlements; sourceTree = "<group>"; };
/* End PBXFileReference section */

/* Begin PBXFrameworksBuildPhase section */
		A5AFCE162B9625AF00D48569 /* Frameworks */ = {
			isa = PBXFrameworksBuildPhase;
			buildActionMask = 2147483647;
			files = (
			);
			runOnlyForDeploymentPostprocessing = 0;
		};
		A5E38B622B9E0CD60027A395 /* Frameworks */ = {
			isa = PBXFrameworksBuildPhase;
			buildActionMask = 2147483647;
			files = (
			);
			runOnlyForDeploymentPostprocessing = 0;
		};
/* End PBXFrameworksBuildPhase section */

/* Begin PBXGroup section */
		A52BA9E82B9B6A5100C1116C /* Landmarks */ = {
			isa = PBXGroup;
			children = (
				A5175E742B9A16FA00CC23A5 /* LandmarkDetail.swift */,
				A5E07B6C2B98D06B00213E9E /* LandmarkRow.swift */,
				A5175E722B9A131800CC23A5 /* LandmarkList.swift */,
			);
			path = Landmarks;
			sourceTree = "<group>";
		};
		A52BA9E92B9B6A6B00C1116C /* Helper */ = {
			isa = PBXGroup;
			children = (
				A52BA9E62B9B692C00C1116C /* FavoriteButton.swift */,
				A5AFCE2C2B962A9900D48569 /* MapView.swift */,
				A5AFCE2A2B96292900D48569 /* CircleImage.swift */,
			);
			path = Helper;
			sourceTree = "<group>";
		};
		A5AFCE102B9625AF00D48569 = {
			isa = PBXGroup;
			children = (
				A5AFCE1B2B9625AF00D48569 /* Landmarks */,
				A5E38B662B9E0CD60027A395 /* MacLandmarks */,
				A5AFCE1A2B9625AF00D48569 /* Products */,
			);
			sourceTree = "<group>";
		};
		A5AFCE1A2B9625AF00D48569 /* Products */ = {
			isa = PBXGroup;
			children = (
				A5AFCE192B9625AF00D48569 /* Landmarks.app */,
				A5E38B652B9E0CD60027A395 /* MacLandmarks.app */,
			);
			name = Products;
			sourceTree = "<group>";
		};
		A5AFCE1B2B9625AF00D48569 /* Landmarks */ = {
			isa = PBXGroup;
			children = (
				A5E38B5A2B9E03540027A395 /* Profile */,
				A5E38B472B9DF8600027A395 /* Category */,
				A5E38B3E2B9DF2BD0027A395 /* Hikes */,
				A5E38B392B9DEE8B0027A395 /* Badges */,
				A5AFCE1C2B9625AF00D48569 /* LandmarksApp.swift */,
				A5E07B632B98CE1800213E9E /* SwiftUIView.swift */,
				A5E07B652B98CE6F00213E9E /* Views */,
				A5E07B682B98CF3E00213E9E /* Model */,
				A5E07B6B2B98D00F00213E9E /* Resources */,
				A5AFCE202B9625B000D48569 /* Assets.xcassets */,
				A5AFCE222B9625B000D48569 /* Preview Content */,
			);
			path = Landmarks;
			sourceTree = "<group>";
		};
		A5AFCE222B9625B000D48569 /* Preview Content */ = {
			isa = PBXGroup;
			children = (
				A5AFCE232B9625B000D48569 /* Preview Assets.xcassets */,
			);
			path = "Preview Content";
			sourceTree = "<group>";
		};
		A5E07B652B98CE6F00213E9E /* Views */ = {
			isa = PBXGroup;
			children = (
				A5E38B5B2B9E04B80027A395 /* FeatureCard.swift */,
				A5E38B5D2B9E06900027A395 /* PageView.swift */,
				A52BA9E92B9B6A6B00C1116C /* Helper */,
				A52BA9E82B9B6A5100C1116C /* Landmarks */,
				A5AFCE1E2B9625AF00D48569 /* ContentView.swift */,
				A5E38B582B9E034D0027A395 /* PageViewController.swift */,
				A5E38B5F2B9E08A90027A395 /* PageControl.swift */,
			);
			path = Views;
			sourceTree = "<group>";
		};
		A5E07B682B98CF3E00213E9E /* Model */ = {
			isa = PBXGroup;
			children = (
				A5E38B3C2B9DF0C20027A395 /* Hike.swift */,
				A5E07B612B98C66100213E9E /* Landmark.swift */,
				A5E07B692B98CFD400213E9E /* ModelData.swift */,
				A5E38B4E2B9DFCEA0027A395 /* Profile.swift */,
			);
			path = Model;
			sourceTree = "<group>";
		};
		A5E07B6B2B98D00F00213E9E /* Resources */ = {
			isa = PBXGroup;
			children = (
				A5E38B3A2B9DF0910027A395 /* hikeData.json */,
				A5E07B5F2B98C62900213E9E /* landmarkData.json */,
			);
			path = Resources;
			sourceTree = "<group>";
		};
		A5E38B392B9DEE8B0027A395 /* Badges */ = {
			isa = PBXGroup;
			children = (
				A5E38B332B9DECD40027A395 /* BadgeSymbol.swift */,
				A5E38B312B9DE8D40027A395 /* BadgeBackground.swift */,
				A5E38B352B9DED370027A395 /* RotatedBadgeSymbol.swift */,
				A5E38B2F2B9DE75F0027A395 /* HexagonParameters.swift */,
				A5E38B372B9DED780027A395 /* Badge.swift */,
			);
			path = Badges;
			sourceTree = "<group>";
		};
		A5E38B3E2B9DF2BD0027A395 /* Hikes */ = {
			isa = PBXGroup;
			children = (
				A5E38B542B9DFE640027A395 /* HikeBadge.swift */,
				A5E38B3F2B9DF2BD0027A395 /* GraphCapsule.swift */,
				A5E38B402B9DF2BD0027A395 /* HikeGraph.swift */,
				A5E38B412B9DF2BD0027A395 /* HikeDetail.swift */,
				A5E38B422B9DF2BD0027A395 /* HikeView.swift */,
			);
			path = Hikes;
			sourceTree = "<group>";
		};
		A5E38B472B9DF8600027A395 /* Category */ = {
			isa = PBXGroup;
			children = (
				A5E38B482B9DF8720027A395 /* CategoryHome.swift */,
				A5E38B4A2B9DF9380027A395 /* CategoryRow.swift */,
				A5E38B4C2B9DFA050027A395 /* CategoryItem.swift */,
			);
			path = Category;
			sourceTree = "<group>";
		};
		A5E38B5A2B9E03540027A395 /* Profile */ = {
			isa = PBXGroup;
			children = (
				A5E38B502B9DFD3B0027A395 /* ProfileHost.swift */,
				A5E38B522B9DFD900027A395 /* ProfileSummary.swift */,
				A5E38B562B9E011F0027A395 /* ProfileEditor.swift */,
			);
			path = Profile;
			sourceTree = "<group>";
		};
		A5E38B662B9E0CD60027A395 /* MacLandmarks */ = {
			isa = PBXGroup;
			children = (
				A5E38B692B9E0CD60027A395 /* ContentView.swift */,
				A5E38B6B2B9E0CD70027A395 /* Assets.xcassets */,
				A5E38B702B9E0CD70027A395 /* MacLandmarks.entitlements */,
				A5E38B6D2B9E0CD70027A395 /* Preview Content */,
			);
			path = MacLandmarks;
			sourceTree = "<group>";
		};
		A5E38B6D2B9E0CD70027A395 /* Preview Content */ = {
			isa = PBXGroup;
			children = (
				A5E38B6E2B9E0CD70027A395 /* Preview Assets.xcassets */,
			);
			path = "Preview Content";
			sourceTree = "<group>";
		};
/* End PBXGroup section */

/* Begin PBXNativeTarget section */
		A5AFCE182B9625AF00D48569 /* Landmarks */ = {
			isa = PBXNativeTarget;
			buildConfigurationList = A5AFCE272B9625B000D48569 /* Build configuration list for PBXNativeTarget "Landmarks" */;
			buildPhases = (
				A5AFCE152B9625AF00D48569 /* Sources */,
				A5AFCE162B9625AF00D48569 /* Frameworks */,
				A5AFCE172B9625AF00D48569 /* Resources */,
			);
			buildRules = (
			);
			dependencies = (
			);
			name = Landmarks;
			productName = Landmarks;
			productReference = A5AFCE192B9625AF00D48569 /* Landmarks.app */;
			productType = "com.apple.product-type.application";
		};
		A5E38B642B9E0CD60027A395 /* MacLandmarks */ = {
			isa = PBXNativeTarget;
			buildConfigurationList = A5E38B712B9E0CD70027A395 /* Build configuration list for PBXNativeTarget "MacLandmarks" */;
			buildPhases = (
				A5E38B612B9E0CD60027A395 /* Sources */,
				A5E38B622B9E0CD60027A395 /* Frameworks */,
				A5E38B632B9E0CD60027A395 /* Resources */,
			);
			buildRules = (
			);
			dependencies = (
			);
			name = MacLandmarks;
			productName = MacLandmarks;
			productReference = A5E38B652B9E0CD60027A395 /* MacLandmarks.app */;
			productType = "com.apple.product-type.application";
		};
/* End PBXNativeTarget section */

/* Begin PBXProject section */
		A5AFCE112B9625AF00D48569 /* Project object */ = {
			isa = PBXProject;
			attributes = {
				BuildIndependentTargetsInParallel = 1;
				LastSwiftUpdateCheck = 1500;
				LastUpgradeCheck = 1500;
				TargetAttributes = {
					A5AFCE182B9625AF00D48569 = {
						CreatedOnToolsVersion = 15.0;
					};
					A5E38B642B9E0CD60027A395 = {
						CreatedOnToolsVersion = 15.0;
					};
				};
			};
			buildConfigurationList = A5AFCE142B9625AF00D48569 /* Build configuration list for PBXProject "Landmarks" */;
			compatibilityVersion = "Xcode 14.0";
			developmentRegion = en;
			hasScannedForEncodings = 0;
			knownRegions = (
				en,
				Base,
			);
			mainGroup = A5AFCE102B9625AF00D48569;
			productRefGroup = A5AFCE1A2B9625AF00D48569 /* Products */;
			projectDirPath = "";
			projectRoot = "";
			targets = (
				A5AFCE182B9625AF00D48569 /* Landmarks */,
				A5E38B642B9E0CD60027A395 /* MacLandmarks */,
			);
		};
/* End PBXProject section */

/* Begin PBXResourcesBuildPhase section */
		A5AFCE172B9625AF00D48569 /* Resources */ = {
			isa = PBXResourcesBuildPhase;
			buildActionMask = 2147483647;
			files = (
				A5E38B3B2B9DF0910027A395 /* hikeData.json in Resources */,
				A5AFCE242B9625B000D48569 /* Preview Assets.xcassets in Resources */,
				A5AFCE212B9625B000D48569 /* Assets.xcassets in Resources */,
				A5E07B602B98C62900213E9E /* landmarkData.json in Resources */,
			);
			runOnlyForDeploymentPostprocessing = 0;
		};
		A5E38B632B9E0CD60027A395 /* Resources */ = {
			isa = PBXResourcesBuildPhase;
			buildActionMask = 2147483647;
			files = (
				A5E38B6F2B9E0CD70027A395 /* Preview Assets.xcassets in Resources */,
				A5E38B6C2B9E0CD70027A395 /* Assets.xcassets in Resources */,
			);
			runOnlyForDeploymentPostprocessing = 0;
		};
/* End PBXResourcesBuildPhase section */

/* Begin PBXSourcesBuildPhase section */
		A5AFCE152B9625AF00D48569 /* Sources */ = {
			isa = PBXSourcesBuildPhase;
			buildActionMask = 2147483647;
			files = (
				A5E38B3D2B9DF0C20027A395 /* Hike.swift in Sources */,
				A5E38B5E2B9E06900027A395 /* PageView.swift in Sources */,
				A5E38B302B9DE75F0027A395 /* HexagonParameters.swift in Sources */,
				A5AFCE1F2B9625AF00D48569 /* ContentView.swift in Sources */,
				A5AFCE2D2B962A9900D48569 /* MapView.swift in Sources */,
				A5E38B492B9DF8720027A395 /* CategoryHome.swift in Sources */,
				A5E38B512B9DFD3B0027A395 /* ProfileHost.swift in Sources */,
				A5E38B552B9DFE640027A395 /* HikeBadge.swift in Sources */,
				A5E38B602B9E08A90027A395 /* PageControl.swift in Sources */,
				A5E38B442B9DF2BD0027A395 /* HikeGraph.swift in Sources */,
				A5E38B4B2B9DF9380027A395 /* CategoryRow.swift in Sources */,
				A5E07B642B98CE1800213E9E /* SwiftUIView.swift in Sources */,
				A5E38B5C2B9E04B80027A395 /* FeatureCard.swift in Sources */,
				A5AFCE1D2B9625AF00D48569 /* LandmarksApp.swift in Sources */,
				A5175E732B9A131800CC23A5 /* LandmarkList.swift in Sources */,
				A5E38B532B9DFD900027A395 /* ProfileSummary.swift in Sources */,
				A5E38B572B9E011F0027A395 /* ProfileEditor.swift in Sources */,
				A5E38B4D2B9DFA050027A395 /* CategoryItem.swift in Sources */,
				A5AFCE2B2B96292900D48569 /* CircleImage.swift in Sources */,
				A5E38B342B9DECD40027A395 /* BadgeSymbol.swift in Sources */,
				A5E38B362B9DED370027A395 /* RotatedBadgeSymbol.swift in Sources */,
				A5E38B382B9DED780027A395 /* Badge.swift in Sources */,
				A5E07B622B98C66100213E9E /* Landmark.swift in Sources */,
				A5E38B4F2B9DFCEA0027A395 /* Profile.swift in Sources */,
				A5E38B592B9E034D0027A395 /* PageViewController.swift in Sources */,
				A5E38B322B9DE8D40027A395 /* BadgeBackground.swift in Sources */,
				A5E07B6D2B98D06B00213E9E /* LandmarkRow.swift in Sources */,
				A5E38B432B9DF2BD0027A395 /* GraphCapsule.swift in Sources */,
				A5E38B462B9DF2BD0027A395 /* HikeView.swift in Sources */,
				A5175E752B9A16FA00CC23A5 /* LandmarkDetail.swift in Sources */,
				A52BA9E72B9B692C00C1116C /* FavoriteButton.swift in Sources */,
				A5E07B6A2B98CFD400213E9E /* ModelData.swift in Sources */,
				A5E38B452B9DF2BD0027A395 /* HikeDetail.swift in Sources */,
			);
			runOnlyForDeploymentPostprocessing = 0;
		};
		A5E38B612B9E0CD60027A395 /* Sources */ = {
			isa = PBXSourcesBuildPhase;
			buildActionMask = 2147483647;
			files = (
				A5E38B6A2B9E0CD60027A395 /* ContentView.swift in Sources */,
			);
			runOnlyForDeploymentPostprocessing = 0;
		};
/* End PBXSourcesBuildPhase section */

/* Begin XCBuildConfiguration section */
		A5AFCE252B9625B000D48569 /* Debug */ = {
			isa = XCBuildConfiguration;
			buildSettings = {
				ALWAYS_SEARCH_USER_PATHS = NO;
				ASSETCATALOG_COMPILER_GENERATE_SWIFT_ASSET_SYMBOL_EXTENSIONS = YES;
				CLANG_ANALYZER_NONNULL = YES;
				CLANG_ANALYZER_NUMBER_OBJECT_CONVERSION = YES_AGGRESSIVE;
				CLANG_CXX_LANGUAGE_STANDARD = "gnu++20";
				CLANG_ENABLE_MODULES = YES;
				CLANG_ENABLE_OBJC_ARC = YES;
				CLANG_ENABLE_OBJC_WEAK = YES;
				CLANG_WARN_BLOCK_CAPTURE_AUTORELEASING = YES;
				CLANG_WARN_BOOL_CONVERSION = YES;
				CLANG_WARN_COMMA = YES;
				CLANG_WARN_CONSTANT_CONVERSION = YES;
				CLANG_WARN_DEPRECATED_OBJC_IMPLEMENTATIONS = YES;
				CLANG_WARN_DIRECT_OBJC_ISA_USAGE = YES_ERROR;
				CLANG_WARN_DOCUMENTATION_COMMENTS = YES;
				CLANG_WARN_EMPTY_BODY = YES;
				CLANG_WARN_ENUM_CONVERSION = YES;
				CLANG_WARN_INFINITE_RECURSION = YES;
				CLANG_WARN_INT_CONVERSION = YES;
				CLANG_WARN_NON_LITERAL_NULL_CONVERSION = YES;
				CLANG_WARN_OBJC_IMPLICIT_RETAIN_SELF = YES;
				CLANG_WARN_OBJC_LITERAL_CONVERSION = YES;
				CLANG_WARN_OBJC_ROOT_CLASS = YES_ERROR;
				CLANG_WARN_QUOTED_INCLUDE_IN_FRAMEWORK_HEADER = YES;
				CLANG_WARN_RANGE_LOOP_ANALYSIS = YES;
				CLANG_WARN_STRICT_PROTOTYPES = YES;
				CLANG_WARN_SUSPICIOUS_MOVE = YES;
				CLANG_WARN_UNGUARDED_AVAILABILITY = YES_AGGRESSIVE;
				CLANG_WARN_UNREACHABLE_CODE = YES;
				CLANG_WARN__DUPLICATE_METHOD_MATCH = YES;
				COPY_PHASE_STRIP = NO;
				DEBUG_INFORMATION_FORMAT = dwarf;
				ENABLE_STRICT_OBJC_MSGSEND = YES;
				ENABLE_TESTABILITY = YES;
				ENABLE_USER_SCRIPT_SANDBOXING = YES;
				GCC_C_LANGUAGE_STANDARD = gnu17;
				GCC_DYNAMIC_NO_PIC = NO;
				GCC_NO_COMMON_BLOCKS = YES;
				GCC_OPTIMIZATION_LEVEL = 0;
				GCC_PREPROCESSOR_DEFINITIONS = (
					"DEBUG=1",
					"$(inherited)",
				);
				GCC_WARN_64_TO_32_BIT_CONVERSION = YES;
				GCC_WARN_ABOUT_RETURN_TYPE = YES_ERROR;
				GCC_WARN_UNDECLARED_SELECTOR = YES;
				GCC_WARN_UNINITIALIZED_AUTOS = YES_AGGRESSIVE;
				GCC_WARN_UNUSED_FUNCTION = YES;
				GCC_WARN_UNUSED_VARIABLE = YES;
				IPHONEOS_DEPLOYMENT_TARGET = 17.0;
				LOCALIZATION_PREFERS_STRING_CATALOGS = YES;
				MTL_ENABLE_DEBUG_INFO = INCLUDE_SOURCE;
				MTL_FAST_MATH = YES;
				ONLY_ACTIVE_ARCH = YES;
				SDKROOT = iphoneos;
				SWIFT_ACTIVE_COMPILATION_CONDITIONS = "DEBUG $(inherited)";
				SWIFT_OPTIMIZATION_LEVEL = "-Onone";
			};
			name = Debug;
		};
		A5AFCE262B9625B000D48569 /* Release */ = {
			isa = XCBuildConfiguration;
			buildSettings = {
				ALWAYS_SEARCH_USER_PATHS = NO;
				ASSETCATALOG_COMPILER_GENERATE_SWIFT_ASSET_SYMBOL_EXTENSIONS = YES;
				CLANG_ANALYZER_NONNULL = YES;
				CLANG_ANALYZER_NUMBER_OBJECT_CONVERSION = YES_AGGRESSIVE;
				CLANG_CXX_LANGUAGE_STANDARD = "gnu++20";
				CLANG_ENABLE_MODULES = YES;
				CLANG_ENABLE_OBJC_ARC = YES;
				CLANG_ENABLE_OBJC_WEAK = YES;
				CLANG_WARN_BLOCK_CAPTURE_AUTORELEASING = YES;
				CLANG_WARN_BOOL_CONVERSION = YES;
				CLANG_WARN_COMMA = YES;
				CLANG_WARN_CONSTANT_CONVERSION = YES;
				CLANG_WARN_DEPRECATED_OBJC_IMPLEMENTATIONS = YES;
				CLANG_WARN_DIRECT_OBJC_ISA_USAGE = YES_ERROR;
				CLANG_WARN_DOCUMENTATION_COMMENTS = YES;
				CLANG_WARN_EMPTY_BODY = YES;
				CLANG_WARN_ENUM_CONVERSION = YES;
				CLANG_WARN_INFINITE_RECURSION = YES;
				CLANG_WARN_INT_CONVERSION = YES;
				CLANG_WARN_NON_LITERAL_NULL_CONVERSION = YES;
				CLANG_WARN_OBJC_IMPLICIT_RETAIN_SELF = YES;
				CLANG_WARN_OBJC_LITERAL_CONVERSION = YES;
				CLANG_WARN_OBJC_ROOT_CLASS = YES_ERROR;
				CLANG_WARN_QUOTED_INCLUDE_IN_FRAMEWORK_HEADER = YES;
				CLANG_WARN_RANGE_LOOP_ANALYSIS = YES;
				CLANG_WARN_STRICT_PROTOTYPES = YES;
				CLANG_WARN_SUSPICIOUS_MOVE = YES;
				CLANG_WARN_UNGUARDED_AVAILABILITY = YES_AGGRESSIVE;
				CLANG_WARN_UNREACHABLE_CODE = YES;
				CLANG_WARN__DUPLICATE_METHOD_MATCH = YES;
				COPY_PHASE_STRIP = NO;
				DEBUG_INFORMATION_FORMAT = "dwarf-with-dsym";
				ENABLE_NS_ASSERTIONS = NO;
				ENABLE_STRICT_OBJC_MSGSEND = YES;
				ENABLE_USER_SCRIPT_SANDBOXING = YES;
				GCC_C_LANGUAGE_STANDARD = gnu17;
				GCC_NO_COMMON_BLOCKS = YES;
				GCC_WARN_64_TO_32_BIT_CONVERSION = YES;
				GCC_WARN_ABOUT_RETURN_TYPE = YES_ERROR;
				GCC_WARN_UNDECLARED_SELECTOR = YES;
				GCC_WARN_UNINITIALIZED_AUTOS = YES_AGGRESSIVE;
				GCC_WARN_UNUSED_FUNCTION = YES;
				GCC_WARN_UNUSED_VARIABLE = YES;
				IPHONEOS_DEPLOYMENT_TARGET = 17.0;
				LOCALIZATION_PREFERS_STRING_CATALOGS = YES;
				MTL_ENABLE_DEBUG_INFO = NO;
				MTL_FAST_MATH = YES;
				SDKROOT = iphoneos;
				SWIFT_COMPILATION_MODE = wholemodule;
				VALIDATE_PRODUCT = YES;
			};
			name = Release;
		};
		A5AFCE282B9625B000D48569 /* Debug */ = {
			isa = XCBuildConfiguration;
			buildSettings = {
				ASSETCATALOG_COMPILER_APPICON_NAME = AppIcon;
				ASSETCATALOG_COMPILER_GLOBAL_ACCENT_COLOR_NAME = AccentColor;
				CODE_SIGN_STYLE = Automatic;
				CURRENT_PROJECT_VERSION = 1;
				DEVELOPMENT_ASSET_PATHS = "\"Landmarks/Preview Content\"";
				DEVELOPMENT_TEAM = 44H772YT4F;
				ENABLE_PREVIEWS = YES;
				GENERATE_INFOPLIST_FILE = YES;
				INFOPLIST_KEY_UIApplicationSceneManifest_Generation = YES;
				INFOPLIST_KEY_UIApplicationSupportsIndirectInputEvents = YES;
				INFOPLIST_KEY_UILaunchScreen_Generation = YES;
				INFOPLIST_KEY_UISupportedInterfaceOrientations_iPad = "UIInterfaceOrientationPortrait UIInterfaceOrientationPortraitUpsideDown UIInterfaceOrientationLandscapeLeft UIInterfaceOrientationLandscapeRight";
				INFOPLIST_KEY_UISupportedInterfaceOrientations_iPhone = "UIInterfaceOrientationPortrait UIInterfaceOrientationLandscapeLeft UIInterfaceOrientationLandscapeRight";
				LD_RUNPATH_SEARCH_PATHS = (
					"$(inherited)",
					"@executable_path/Frameworks",
				);
				MARKETING_VERSION = 1.0;
				PRODUCT_BUNDLE_IDENTIFIER = com.xzc.Landmarks;
				PRODUCT_NAME = "$(TARGET_NAME)";
				SWIFT_EMIT_LOC_STRINGS = YES;
				SWIFT_VERSION = 5.0;
				TARGETED_DEVICE_FAMILY = "1,2";
			};
			name = Debug;
		};
		A5AFCE292B9625B000D48569 /* Release */ = {
			isa = XCBuildConfiguration;
			buildSettings = {
				ASSETCATALOG_COMPILER_APPICON_NAME = AppIcon;
				ASSETCATALOG_COMPILER_GLOBAL_ACCENT_COLOR_NAME = AccentColor;
				CODE_SIGN_STYLE = Automatic;
				CURRENT_PROJECT_VERSION = 1;
				DEVELOPMENT_ASSET_PATHS = "\"Landmarks/Preview Content\"";
				DEVELOPMENT_TEAM = 44H772YT4F;
				ENABLE_PREVIEWS = YES;
				GENERATE_INFOPLIST_FILE = YES;
				INFOPLIST_KEY_UIApplicationSceneManifest_Generation = YES;
				INFOPLIST_KEY_UIApplicationSupportsIndirectInputEvents = YES;
				INFOPLIST_KEY_UILaunchScreen_Generation = YES;
				INFOPLIST_KEY_UISupportedInterfaceOrientations_iPad = "UIInterfaceOrientationPortrait UIInterfaceOrientationPortraitUpsideDown UIInterfaceOrientationLandscapeLeft UIInterfaceOrientationLandscapeRight";
				INFOPLIST_KEY_UISupportedInterfaceOrientations_iPhone = "UIInterfaceOrientationPortrait UIInterfaceOrientationLandscapeLeft UIInterfaceOrientationLandscapeRight";
				LD_RUNPATH_SEARCH_PATHS = (
					"$(inherited)",
					"@executable_path/Frameworks",
				);
				MARKETING_VERSION = 1.0;
				PRODUCT_BUNDLE_IDENTIFIER = com.xzc.Landmarks;
				PRODUCT_NAME = "$(TARGET_NAME)";
				SWIFT_EMIT_LOC_STRINGS = YES;
				SWIFT_VERSION = 5.0;
				TARGETED_DEVICE_FAMILY = "1,2";
			};
			name = Release;
		};
		A5E38B722B9E0CD70027A395 /* Debug */ = {
			isa = XCBuildConfiguration;
			buildSettings = {
				ASSETCATALOG_COMPILER_APPICON_NAME = AppIcon;
				ASSETCATALOG_COMPILER_GLOBAL_ACCENT_COLOR_NAME = AccentColor;
				CODE_SIGN_ENTITLEMENTS = MacLandmarks/MacLandmarks.entitlements;
				CODE_SIGN_STYLE = Automatic;
				COMBINE_HIDPI_IMAGES = YES;
				CURRENT_PROJECT_VERSION = 1;
				DEVELOPMENT_ASSET_PATHS = "\"MacLandmarks/Preview Content\"";
				ENABLE_PREVIEWS = YES;
				GENERATE_INFOPLIST_FILE = YES;
				INFOPLIST_KEY_NSHumanReadableCopyright = "";
				LD_RUNPATH_SEARCH_PATHS = (
					"$(inherited)",
					"@executable_path/../Frameworks",
				);
				MACOSX_DEPLOYMENT_TARGET = 14.0;
				MARKETING_VERSION = 1.0;
				PRODUCT_BUNDLE_IDENTIFIER = com.xzc.MacLandmarks;
				PRODUCT_NAME = "$(TARGET_NAME)";
				SDKROOT = macosx;
				SWIFT_EMIT_LOC_STRINGS = YES;
				SWIFT_VERSION = 5.0;
			};
			name = Debug;
		};
		A5E38B732B9E0CD70027A395 /* Release */ = {
			isa = XCBuildConfiguration;
			buildSettings = {
				ASSETCATALOG_COMPILER_APPICON_NAME = AppIcon;
				ASSETCATALOG_COMPILER_GLOBAL_ACCENT_COLOR_NAME = AccentColor;
				CODE_SIGN_ENTITLEMENTS = MacLandmarks/MacLandmarks.entitlements;
				CODE_SIGN_STYLE = Automatic;
				COMBINE_HIDPI_IMAGES = YES;
				CURRENT_PROJECT_VERSION = 1;
				DEVELOPMENT_ASSET_PATHS = "\"MacLandmarks/Preview Content\"";
				ENABLE_PREVIEWS = YES;
				GENERATE_INFOPLIST_FILE = YES;
				INFOPLIST_KEY_NSHumanReadableCopyright = "";
				LD_RUNPATH_SEARCH_PATHS = (
					"$(inherited)",
					"@executable_path/../Frameworks",
				);
				MACOSX_DEPLOYMENT_TARGET = 14.0;
				MARKETING_VERSION = 1.0;
				PRODUCT_BUNDLE_IDENTIFIER = com.xzc.MacLandmarks;
				PRODUCT_NAME = "$(TARGET_NAME)";
				SDKROOT = macosx;
				SWIFT_EMIT_LOC_STRINGS = YES;
				SWIFT_VERSION = 5.0;
			};
			name = Release;
		};
/* End XCBuildConfiguration section */

/* Begin XCConfigurationList section */
		A5AFCE142B9625AF00D48569 /* Build configuration list for PBXProject "Landmarks" */ = {
			isa = XCConfigurationList;
			buildConfigurations = (
				A5AFCE252B9625B000D48569 /* Debug */,
				A5AFCE262B9625B000D48569 /* Release */,
			);
			defaultConfigurationIsVisible = 0;
			defaultConfigurationName = Release;
		};
		A5AFCE272B9625B000D48569 /* Build configuration list for PBXNativeTarget "Landmarks" */ = {
			isa = XCConfigurationList;
			buildConfigurations = (
				A5AFCE282B9625B000D48569 /* Debug */,
				A5AFCE292B9625B000D48569 /* Release */,
			);
			defaultConfigurationIsVisible = 0;
			defaultConfigurationName = Release;
		};
		A5E38B712B9E0CD70027A395 /* Build configuration list for PBXNativeTarget "MacLandmarks" */ = {
			isa = XCConfigurationList;
			buildConfigurations = (
				A5E38B722B9E0CD70027A395 /* Debug */,
				A5E38B732B9E0CD70027A395 /* Release */,
			);
			defaultConfigurationIsVisible = 0;
			defaultConfigurationName = Release;
		};
/* End XCConfigurationList section */
	};
	rootObject = A5AFCE112B9625AF00D48569 /* Project object */;
}
